
Microsoft Visual Studio Solution File, Format Version 12.00
# Visual Studio Version 16
VisualStudioVersion = 16.0.31911.196
MinimumVisualStudioVersion = 10.0.40219.1
Project("{FAE04EC0-301F-11D3-BF4B-00C04F79EFBC}") = "CustomTriggerThreshold", "CustomTriggerThreshold\CustomTriggerThreshold.csproj", "{C5BE7878-77E1-4478-BA81-D170C4CF10D0}"
EndProject
Global
	GlobalSection(SolutionConfigurationPlatforms) = preSolution
		Debug|Any CPU = Debug|Any CPU
		Release|Any CPU = Release|Any CPU
	EndGlobalSection
	GlobalSection(ProjectConfigurationPlatforms) = postSolution
		{C5BE7878-77E1-4478-BA81-D170C4CF10D0}.Debug|Any CPU.ActiveCfg = Debug|Any CPU
		{C5BE7878-77E1-4478-BA81-D170C4CF10D0}.Debug|Any CPU.Build.0 = Debug|Any CPU
		{C5BE7878-77E1-4478-BA81-D170C4CF10D0}.Release|Any CPU.ActiveCfg = Release|Any CPU
		{C5BE7878-77E1-4478-BA81-D170C4CF10D0}.Release|Any CPU.Build.0 = Release|Any CPU
	EndGlobalSection
	GlobalSection(SolutionProperties) = preSolution
		HideSolutionNode = FALSE
	EndGlobalSection
	GlobalSection(ExtensibilityGlobals) = postSolution
		SolutionGuid = {9ADB0F11-2584-4BF3-8E55-45272980DB80}
	EndGlobalSection
EndGlobal
